
Microsoft Visual Studio Solution File, Format Version 12.00
# Visual Studio Version 17
VisualStudioVersion = 17.3.32922.545
MinimumVisualStudioVersion = 10.0.40219.1
Project("{8BC9CEB8-8B4A-11D0-8D11-00A0C91BC942}") = "aula08_2", "aula08_2.vcxproj", "{3937E529-EA5A-4EE3-8823-F59317103F49}"
EndProject
Global
	GlobalSection(SolutionConfigurationPlatforms) = preSolution
		Debug|x64 = Debug|x64
		Release|x64 = Release|x64
	EndGlobalSection
	GlobalSection(ProjectConfigurationPlatforms) = postSolution
		{3937E529-EA5A-4EE3-8823-F59317103F49}.Debug|x64.ActiveCfg = Debug|x64
		{3937E529-EA5A-4EE3-8823-F59317103F49}.Debug|x64.Build.0 = Debug|x64
		{3937E529-EA5A-4EE3-8823-F59317103F49}.Release|x64.ActiveCfg = Release|x64
		{3937E529-EA5A-4EE3-8823-F59317103F49}.Release|x64.Build.0 = Release|x64
	EndGlobalSection
	GlobalSection(SolutionProperties) = preSolution
		HideSolutionNode = FALSE
	EndGlobalSection
	GlobalSection(ExtensibilityGlobals) = postSolution
		SolutionGuid = {0ADA45DB-5FC1-45AA-9983-E2B6E6F6CA21}
	EndGlobalSection
EndGlobal
